// !$*UTF8*$!
{
	archiveVersion = 1;
	classes = {
	};
	objectVersion = 55;
	objects = {

/* Begin PBXBuildFile section */
		AD2D6E0B28861125004127D2 /* AppDelegate.swift in Sources */ = {isa = PBXBuildFile; fileRef = AD2D6E0A28861125004127D2 /* AppDelegate.swift */; };
		AD2D6E0D28861125004127D2 /* SceneDelegate.swift in Sources */ = {isa = PBXBuildFile; fileRef = AD2D6E0C28861125004127D2 /* SceneDelegate.swift */; };
		AD2D6E1228861125004127D2 /* Main.storyboard in Resources */ = {isa = PBXBuildFile; fileRef = AD2D6E1028861125004127D2 /* Main.storyboard */; };
		AD2D6E1528861125004127D2 /* ToDoList.xcdatamodeld in Sources */ = {isa = PBXBuildFile; fileRef = AD2D6E1328861125004127D2 /* ToDoList.xcdatamodeld */; };
		AD2D6E1728861127004127D2 /* Assets.xcassets in Resources */ = {isa = PBXBuildFile; fileRef = AD2D6E1628861127004127D2 /* Assets.xcassets */; };
		AD2D6E1A28861127004127D2 /* LaunchScreen.storyboard in Resources */ = {isa = PBXBuildFile; fileRef = AD2D6E1828861127004127D2 /* LaunchScreen.storyboard */; };
		AD2D6E2528861127004127D2 /* ToDoListTests.swift in Sources */ = {isa = PBXBuildFile; fileRef = AD2D6E2428861127004127D2 /* ToDoListTests.swift */; };
		AD2D6E2F28861127004127D2 /* ToDoListUITests.swift in Sources */ = {isa = PBXBuildFile; fileRef = AD2D6E2E28861127004127D2 /* ToDoListUITests.swift */; };
		AD2D6E3128861127004127D2 /* ToDoListUITestsLaunchTests.swift in Sources */ = {isa = PBXBuildFile; fileRef = AD2D6E3028861127004127D2 /* ToDoListUITestsLaunchTests.swift */; };
		AD2D6E4028861A03004127D2 /* ToDoTableViewController.swift in Sources */ = {isa = PBXBuildFile; fileRef = AD2D6E3F28861A03004127D2 /* ToDoTableViewController.swift */; };
		AD2D6E4228861B10004127D2 /* ToDo.swift in Sources */ = {isa = PBXBuildFile; fileRef = AD2D6E4128861B10004127D2 /* ToDo.swift */; };
/* End PBXBuildFile section */

/* Begin PBXContainerItemProxy section */
		AD2D6E2128861127004127D2 /* PBXContainerItemProxy */ = {
			isa = PBXContainerItemProxy;
			containerPortal = AD2D6DFF28861124004127D2 /* Project object */;
			proxyType = 1;
			remoteGlobalIDString = AD2D6E0628861124004127D2;
			remoteInfo = ToDoList;
		};
		AD2D6E2B28861127004127D2 /* PBXContainerItemProxy */ = {
			isa = PBXContainerItemProxy;
			containerPortal = AD2D6DFF28861124004127D2 /* Project object */;
			proxyType = 1;
			remoteGlobalIDString = AD2D6E0628861124004127D2;
			remoteInfo = ToDoList;
		};
/* End PBXContainerItemProxy section */

/* Begin PBXFileReference section */
		AD2D6E0728861125004127D2 /* ToDoList.app */ = {isa = PBXFileReference; explicitFileType = wrapper.application; includeInIndex = 0; path = ToDoList.app; sourceTree = BUILT_PRODUCTS_DIR; };
		AD2D6E0A28861125004127D2 /* AppDelegate.swift */ = {isa = PBXFileReference; lastKnownFileType = sourcecode.swift; path = AppDelegate.swift; sourceTree = "<group>"; };
		AD2D6E0C28861125004127D2 /* SceneDelegate.swift */ = {isa = PBXFileReference; lastKnownFileType = sourcecode.swift; path = SceneDelegate.swift; sourceTree = "<group>"; };
		AD2D6E1128861125004127D2 /* Base */ = {isa = PBXFileReference; lastKnownFileType = file.storyboard; name = Base; path = Base.lproj/Main.storyboard; sourceTree = "<group>"; };
		AD2D6E1428861125004127D2 /* ToDoList.xcdatamodel */ = {isa = PBXFileReference; lastKnownFileType = wrapper.xcdatamodel; path = ToDoList.xcdatamodel; sourceTree = "<group>"; };
		AD2D6E1628861127004127D2 /* Assets.xcassets */ = {isa = PBXFileReference; lastKnownFileType = folder.assetcatalog; path = Assets.xcassets; sourceTree = "<group>"; };
		AD2D6E1928861127004127D2 /* Base */ = {isa = PBXFileReference; lastKnownFileType = file.storyboard; name = Base; path = Base.lproj/LaunchScreen.storyboard; sourceTree = "<group>"; };
		AD2D6E1B28861127004127D2 /* Info.plist */ = {isa = PBXFileReference; lastKnownFileType = text.plist.xml; path = Info.plist; sourceTree = "<group>"; };
		AD2D6E2028861127004127D2 /* ToDoListTests.xctest */ = {isa = PBXFileReference; explicitFileType = wrapper.cfbundle; includeInIndex = 0; path = ToDoListTests.xctest; sourceTree = BUILT_PRODUCTS_DIR; };
		AD2D6E2428861127004127D2 /* ToDoListTests.swift */ = {isa = PBXFileReference; lastKnownFileType = sourcecode.swift; path = ToDoListTests.swift; sourceTree = "<group>"; };
		AD2D6E2A28861127004127D2 /* ToDoListUITests.xctest */ = {isa = PBXFileReference; explicitFileType = wrapper.cfbundle; includeInIndex = 0; path = ToDoListUITests.xctest; sourceTree = BUILT_PRODUCTS_DIR; };
		AD2D6E2E28861127004127D2 /* ToDoListUITests.swift */ = {isa = PBXFileReference; lastKnownFileType = sourcecode.swift; path = ToDoListUITests.swift; sourceTree = "<group>"; };
		AD2D6E3028861127004127D2 /* ToDoListUITestsLaunchTests.swift */ = {isa = PBXFileReference; lastKnownFileType = sourcecode.swift; path = ToDoListUITestsLaunchTests.swift; sourceTree = "<group>"; };
		AD2D6E3F28861A03004127D2 /* ToDoTableViewController.swift */ = {isa = PBXFileReference; lastKnownFileType = sourcecode.swift; path = ToDoTableViewController.swift; sourceTree = "<group>"; };
		AD2D6E4128861B10004127D2 /* ToDo.swift */ = {isa = PBXFileReference; lastKnownFileType = sourcecode.swift; path = ToDo.swift; sourceTree = "<group>"; };
/* End PBXFileReference section */

/* Begin PBXFrameworksBuildPhase section */
		AD2D6E0428861124004127D2 /* Frameworks */ = {
			isa = PBXFrameworksBuildPhase;
			buildActionMask = 2147483647;
			files = (
			);
			runOnlyForDeploymentPostprocessing = 0;
		};
		AD2D6E1D28861127004127D2 /* Frameworks */ = {
			isa = PBXFrameworksBuildPhase;
			buildActionMask = 2147483647;
			files = (
			);
			runOnlyForDeploymentPostprocessing = 0;
		};
		AD2D6E2728861127004127D2 /* Frameworks */ = {
			isa = PBXFrameworksBuildPhase;
			buildActionMask = 2147483647;
			files = (
			);
			runOnlyForDeploymentPostprocessing = 0;
		};
/* End PBXFrameworksBuildPhase section */

/* Begin PBXGroup section */
		AD2D6DFE28861124004127D2 = {
			isa = PBXGroup;
			children = (
				AD2D6E0928861125004127D2 /* ToDoList */,
				AD2D6E2328861127004127D2 /* ToDoListTests */,
				AD2D6E2D28861127004127D2 /* ToDoListUITests */,
				AD2D6E0828861125004127D2 /* Products */,
			);
			sourceTree = "<group>";
		};
		AD2D6E0828861125004127D2 /* Products */ = {
			isa = PBXGroup;
			children = (
				AD2D6E0728861125004127D2 /* ToDoList.app */,
				AD2D6E2028861127004127D2 /* ToDoListTests.xctest */,
				AD2D6E2A28861127004127D2 /* ToDoListUITests.xctest */,
			);
			name = Products;
			sourceTree = "<group>";
		};
		AD2D6E0928861125004127D2 /* ToDoList */ = {
			isa = PBXGroup;
			children = (
				AD2D6E0A28861125004127D2 /* AppDelegate.swift */,
				AD2D6E0C28861125004127D2 /* SceneDelegate.swift */,
				AD2D6E1028861125004127D2 /* Main.storyboard */,
				AD2D6E1628861127004127D2 /* Assets.xcassets */,
				AD2D6E1828861127004127D2 /* LaunchScreen.storyboard */,
				AD2D6E1B28861127004127D2 /* Info.plist */,
				AD2D6E1328861125004127D2 /* ToDoList.xcdatamodeld */,
				AD2D6E3F28861A03004127D2 /* ToDoTableViewController.swift */,
				AD2D6E4128861B10004127D2 /* ToDo.swift */,
			);
			path = ToDoList;
			sourceTree = "<group>";
		};
		AD2D6E2328861127004127D2 /* ToDoListTests */ = {
			isa = PBXGroup;
			children = (
				AD2D6E2428861127004127D2 /* ToDoListTests.swift */,
			);
			path = ToDoListTests;
			sourceTree = "<group>";
		};
		AD2D6E2D28861127004127D2 /* ToDoListUITests */ = {
			isa = PBXGroup;
			children = (
				AD2D6E2E28861127004127D2 /* ToDoListUITests.swift */,
				AD2D6E3028861127004127D2 /* ToDoListUITestsLaunchTests.swift */,
			);
			path = ToDoListUITests;
			sourceTree = "<group>";
		};
/* End PBXGroup section */

/* Begin PBXNativeTarget section */
		AD2D6E0628861124004127D2 /* ToDoList */ = {
			isa = PBXNativeTarget;
			buildConfigurationList = AD2D6E3428861127004127D2 /* Build configuration list for PBXNativeTarget "ToDoList" */;
			buildPhases = (
				AD2D6E0328861124004127D2 /* Sources */,
				AD2D6E0428861124004127D2 /* Frameworks */,
				AD2D6E0528861124004127D2 /* Resources */,
			);
			buildRules = (
			);
			dependencies = (
			);
			name = ToDoList;
			productName = ToDoList;
			productReference = AD2D6E0728861125004127D2 /* ToDoList.app */;
			productType = "com.apple.product-type.application";
		};
		AD2D6E1F28861127004127D2 /* ToDoListTests */ = {
			isa = PBXNativeTarget;
			buildConfigurationList = AD2D6E3728861127004127D2 /* Build configuration list for PBXNativeTarget "ToDoListTests" */;
			buildPhases = (
				AD2D6E1C28861127004127D2 /* Sources */,
				AD2D6E1D28861127004127D2 /* Frameworks */,
				AD2D6E1E28861127004127D2 /* Resources */,
			);
			buildRules = (
			);
			dependencies = (
				AD2D6E2228861127004127D2 /* PBXTargetDependency */,
			);
			name = ToDoListTests;
			productName = ToDoListTests;
			productReference = AD2D6E2028861127004127D2 /* ToDoListTests.xctest */;
			productType = "com.apple.product-type.bundle.unit-test";
		};
		AD2D6E2928861127004127D2 /* ToDoListUITests */ = {
			isa = PBXNativeTarget;
			buildConfigurationList = AD2D6E3A28861127004127D2 /* Build configuration list for PBXNativeTarget "ToDoListUITests" */;
			buildPhases = (
				AD2D6E2628861127004127D2 /* Sources */,
				AD2D6E2728861127004127D2 /* Frameworks */,
				AD2D6E2828861127004127D2 /* Resources */,
			);
			buildRules = (
			);
			dependencies = (
				AD2D6E2C28861127004127D2 /* PBXTargetDependency */,
			);
			name = ToDoListUITests;
			productName = ToDoListUITests;
			productReference = AD2D6E2A28861127004127D2 /* ToDoListUITests.xctest */;
			productType = "com.apple.product-type.bundle.ui-testing";
		};
/* End PBXNativeTarget section */

/* Begin PBXProject section */
		AD2D6DFF28861124004127D2 /* Project object */ = {
			isa = PBXProject;
			attributes = {
				BuildIndependentTargetsInParallel = 1;
				LastSwiftUpdateCheck = 1340;
				LastUpgradeCheck = 1340;
				TargetAttributes = {
					AD2D6E0628861124004127D2 = {
						CreatedOnToolsVersion = 13.4.1;
					};
					AD2D6E1F28861127004127D2 = {
						CreatedOnToolsVersion = 13.4.1;
						TestTargetID = AD2D6E0628861124004127D2;
					};
					AD2D6E2928861127004127D2 = {
						CreatedOnToolsVersion = 13.4.1;
						TestTargetID = AD2D6E0628861124004127D2;
					};
				};
			};
			buildConfigurationList = AD2D6E0228861124004127D2 /* Build configuration list for PBXProject "ToDoList" */;
			compatibilityVersion = "Xcode 13.0";
			developmentRegion = en;
			hasScannedForEncodings = 0;
			knownRegions = (
				en,
				Base,
			);
			mainGroup = AD2D6DFE28861124004127D2;
			productRefGroup = AD2D6E0828861125004127D2 /* Products */;
			projectDirPath = "";
			projectRoot = "";
			targets = (
				AD2D6E0628861124004127D2 /* ToDoList */,
				AD2D6E1F28861127004127D2 /* ToDoListTests */,
				AD2D6E2928861127004127D2 /* ToDoListUITests */,
			);
		};
/* End PBXProject section */

/* Begin PBXResourcesBuildPhase section */
		AD2D6E0528861124004127D2 /* Resources */ = {
			isa = PBXResourcesBuildPhase;
			buildActionMask = 2147483647;
			files = (
				AD2D6E1A28861127004127D2 /* LaunchScreen.storyboard in Resources */,
				AD2D6E1728861127004127D2 /* Assets.xcassets in Resources */,
				AD2D6E1228861125004127D2 /* Main.storyboard in Resources */,
			);
			runOnlyForDeploymentPostprocessing = 0;
		};
		AD2D6E1E28861127004127D2 /* Resources */ = {
			isa = PBXResourcesBuildPhase;
			buildActionMask = 2147483647;
			files = (
			);
			runOnlyForDeploymentPostprocessing = 0;
		};
		AD2D6E2828861127004127D2 /* Resources */ = {
			isa = PBXResourcesBuildPhase;
			buildActionMask = 2147483647;
			files = (
			);
			runOnlyForDeploymentPostprocessing = 0;
		};
/* End PBXResourcesBuildPhase section */

/* Begin PBXSourcesBuildPhase section */
		AD2D6E0328861124004127D2 /* Sources */ = {
			isa = PBXSourcesBuildPhase;
			buildActionMask = 2147483647;
			files = (
				AD2D6E0B28861125004127D2 /* AppDelegate.swift in Sources */,
				AD2D6E4228861B10004127D2 /* ToDo.swift in Sources */,
				AD2D6E4028861A03004127D2 /* ToDoTableViewController.swift in Sources */,
				AD2D6E0D28861125004127D2 /* SceneDelegate.swift in Sources */,
				AD2D6E1528861125004127D2 /* ToDoList.xcdatamodeld in Sources */,
			);
			runOnlyForDeploymentPostprocessing = 0;
		};
		AD2D6E1C28861127004127D2 /* Sources */ = {
			isa = PBXSourcesBuildPhase;
			buildActionMask = 2147483647;
			files = (
				AD2D6E2528861127004127D2 /* ToDoListTests.swift in Sources */,
			);
			runOnlyForDeploymentPostprocessing = 0;
		};
		AD2D6E2628861127004127D2 /* Sources */ = {
			isa = PBXSourcesBuildPhase;
			buildActionMask = 2147483647;
			files = (
				AD2D6E3128861127004127D2 /* ToDoListUITestsLaunchTests.swift in Sources */,
				AD2D6E2F28861127004127D2 /* ToDoListUITests.swift in Sources */,
			);
			runOnlyForDeploymentPostprocessing = 0;
		};
/* End PBXSourcesBuildPhase section */

/* Begin PBXTargetDependency section */
		AD2D6E2228861127004127D2 /* PBXTargetDependency */ = {
			isa = PBXTargetDependency;
			target = AD2D6E0628861124004127D2 /* ToDoList */;
			targetProxy = AD2D6E2128861127004127D2 /* PBXContainerItemProxy */;
		};
		AD2D6E2C28861127004127D2 /* PBXTargetDependency */ = {
			isa = PBXTargetDependency;
			target = AD2D6E0628861124004127D2 /* ToDoList */;
			targetProxy = AD2D6E2B28861127004127D2 /* PBXContainerItemProxy */;
		};
/* End PBXTargetDependency section */

/* Begin PBXVariantGroup section */
		AD2D6E1028861125004127D2 /* Main.storyboard */ = {
			isa = PBXVariantGroup;
			children = (
				AD2D6E1128861125004127D2 /* Base */,
			);
			name = Main.storyboard;
			sourceTree = "<group>";
		};
		AD2D6E1828861127004127D2 /* LaunchScreen.storyboard */ = {
			isa = PBXVariantGroup;
			children = (
				AD2D6E1928861127004127D2 /* Base */,
			);
			name = LaunchScreen.storyboard;
			sourceTree = "<group>";
		};
/* End PBXVariantGroup section */

/* Begin XCBuildConfiguration section */
		AD2D6E3228861127004127D2 /* Debug */ = {
			isa = XCBuildConfiguration;
			buildSettings = {
				ALWAYS_SEARCH_USER_PATHS = NO;
				CLANG_ANALYZER_NONNULL = YES;
				CLANG_ANALYZER_NUMBER_OBJECT_CONVERSION = YES_AGGRESSIVE;
				CLANG_CXX_LANGUAGE_STANDARD = "gnu++17";
				CLANG_ENABLE_MODULES = YES;
				CLANG_ENABLE_OBJC_ARC = YES;
				CLANG_ENABLE_OBJC_WEAK = YES;
				CLANG_WARN_BLOCK_CAPTURE_AUTORELEASING = YES;
				CLANG_WARN_BOOL_CONVERSION = YES;
				CLANG_WARN_COMMA = YES;
				CLANG_WARN_CONSTANT_CONVERSION = YES;
				CLANG_WARN_DEPRECATED_OBJC_IMPLEMENTATIONS = YES;
				CLANG_WARN_DIRECT_OBJC_ISA_USAGE = YES_ERROR;
				CLANG_WARN_DOCUMENTATION_COMMENTS = YES;
				CLANG_WARN_EMPTY_BODY = YES;
				CLANG_WARN_ENUM_CONVERSION = YES;
				CLANG_WARN_INFINITE_RECURSION = YES;
				CLANG_WARN_INT_CONVERSION = YES;
				CLANG_WARN_NON_LITERAL_NULL_CONVERSION = YES;
				CLANG_WARN_OBJC_IMPLICIT_RETAIN_SELF = YES;
				CLANG_WARN_OBJC_LITERAL_CONVERSION = YES;
				CLANG_WARN_OBJC_ROOT_CLASS = YES_ERROR;
				CLANG_WARN_QUOTED_INCLUDE_IN_FRAMEWORK_HEADER = YES;
				CLANG_WARN_RANGE_LOOP_ANALYSIS = YES;
				CLANG_WARN_STRICT_PROTOTYPES = YES;
				CLANG_WARN_SUSPICIOUS_MOVE = YES;
				CLANG_WARN_UNGUARDED_AVAILABILITY = YES_AGGRESSIVE;
				CLANG_WARN_UNREACHABLE_CODE = YES;
				CLANG_WARN__DUPLICATE_METHOD_MATCH = YES;
				COPY_PHASE_STRIP = NO;
				DEBUG_INFORMATION_FORMAT = dwarf;
				ENABLE_STRICT_OBJC_MSGSEND = YES;
				ENABLE_TESTABILITY = YES;
				GCC_C_LANGUAGE_STANDARD = gnu11;
				GCC_DYNAMIC_NO_PIC = NO;
				GCC_NO_COMMON_BLOCKS = YES;
				GCC_OPTIMIZATION_LEVEL = 0;
				GCC_PREPROCESSOR_DEFINITIONS = (
					"DEBUG=1",
					"$(inherited)",
				);
				GCC_WARN_64_TO_32_BIT_CONVERSION = YES;
				GCC_WARN_ABOUT_RETURN_TYPE = YES_ERROR;
				GCC_WARN_UNDECLARED_SELECTOR = YES;
				GCC_WARN_UNINITIALIZED_AUTOS = YES_AGGRESSIVE;
				GCC_WARN_UNUSED_FUNCTION = YES;
				GCC_WARN_UNUSED_VARIABLE = YES;
				IPHONEOS_DEPLOYMENT_TARGET = 15.5;
				MTL_ENABLE_DEBUG_INFO = INCLUDE_SOURCE;
				MTL_FAST_MATH = YES;
				ONLY_ACTIVE_ARCH = YES;
				SDKROOT = iphoneos;
				SWIFT_ACTIVE_COMPILATION_CONDITIONS = DEBUG;
				SWIFT_OPTIMIZATION_LEVEL = "-Onone";
			};
			name = Debug;
		};
		AD2D6E3328861127004127D2 /* Release */ = {
			isa = XCBuildConfiguration;
			buildSettings = {
				ALWAYS_SEARCH_USER_PATHS = NO;
				CLANG_ANALYZER_NONNULL = YES;
				CLANG_ANALYZER_NUMBER_OBJECT_CONVERSION = YES_AGGRESSIVE;
				CLANG_CXX_LANGUAGE_STANDARD = "gnu++17";
				CLANG_ENABLE_MODULES = YES;
				CLANG_ENABLE_OBJC_ARC = YES;
				CLANG_ENABLE_OBJC_WEAK = YES;
				CLANG_WARN_BLOCK_CAPTURE_AUTORELEASING = YES;
				CLANG_WARN_BOOL_CONVERSION = YES;
				CLANG_WARN_COMMA = YES;
				CLANG_WARN_CONSTANT_CONVERSION = YES;
				CLANG_WARN_DEPRECATED_OBJC_IMPLEMENTATIONS = YES;
				CLANG_WARN_DIRECT_OBJC_ISA_USAGE = YES_ERROR;
				CLANG_WARN_DOCUMENTATION_COMMENTS = YES;
				CLANG_WARN_EMPTY_BODY = YES;
				CLANG_WARN_ENUM_CONVERSION = YES;
				CLANG_WARN_INFINITE_RECURSION = YES;
				CLANG_WARN_INT_CONVERSION = YES;
				CLANG_WARN_NON_LITERAL_NULL_CONVERSION = YES;
				CLANG_WARN_OBJC_IMPLICIT_RETAIN_SELF = YES;
				CLANG_WARN_OBJC_LITERAL_CONVERSION = YES;
				CLANG_WARN_OBJC_ROOT_CLASS = YES_ERROR;
				CLANG_WARN_QUOTED_INCLUDE_IN_FRAMEWORK_HEADER = YES;
				CLANG_WARN_RANGE_LOOP_ANALYSIS = YES;
				CLANG_WARN_STRICT_PROTOTYPES = YES;
				CLANG_WARN_SUSPICIOUS_MOVE = YES;
				CLANG_WARN_UNGUARDED_AVAILABILITY = YES_AGGRESSIVE;
				CLANG_WARN_UNREACHABLE_CODE = YES;
				CLANG_WARN__DUPLICATE_METHOD_MATCH = YES;
				COPY_PHASE_STRIP = NO;
				DEBUG_INFORMATION_FORMAT = "dwarf-with-dsym";
				ENABLE_NS_ASSERTIONS = NO;
				ENABLE_STRICT_OBJC_MSGSEND = YES;
				GCC_C_LANGUAGE_STANDARD = gnu11;
				GCC_NO_COMMON_BLOCKS = YES;
				GCC_WARN_64_TO_32_BIT_CONVERSION = YES;
				GCC_WARN_ABOUT_RETURN_TYPE = YES_ERROR;
				GCC_WARN_UNDECLARED_SELECTOR = YES;
				GCC_WARN_UNINITIALIZED_AUTOS = YES_AGGRESSIVE;
				GCC_WARN_UNUSED_FUNCTION = YES;
				GCC_WARN_UNUSED_VARIABLE = YES;
				IPHONEOS_DEPLOYMENT_TARGET = 15.5;
				MTL_ENABLE_DEBUG_INFO = NO;
				MTL_FAST_MATH = YES;
				SDKROOT = iphoneos;
				SWIFT_COMPILATION_MODE = wholemodule;
				SWIFT_OPTIMIZATION_LEVEL = "-O";
				VALIDATE_PRODUCT = YES;
			};
			name = Release;
		};
		AD2D6E3528861127004127D2 /* Debug */ = {
			isa = XCBuildConfiguration;
			buildSettings = {
				ASSETCATALOG_COMPILER_APPICON_NAME = AppIcon;
				ASSETCATALOG_COMPILER_GLOBAL_ACCENT_COLOR_NAME = AccentColor;
				CODE_SIGN_STYLE = Automatic;
				CURRENT_PROJECT_VERSION = 1;
				GENERATE_INFOPLIST_FILE = YES;
				INFOPLIST_FILE = ToDoList/Info.plist;
				INFOPLIST_KEY_UIApplicationSupportsIndirectInputEvents = YES;
				INFOPLIST_KEY_UILaunchStoryboardName = LaunchScreen;
				INFOPLIST_KEY_UIMainStoryboardFile = Main;
				INFOPLIST_KEY_UISupportedInterfaceOrientations_iPad = "UIInterfaceOrientationPortrait UIInterfaceOrientationPortraitUpsideDown UIInterfaceOrientationLandscapeLeft UIInterfaceOrientationLandscapeRight";
				INFOPLIST_KEY_UISupportedInterfaceOrientations_iPhone = "UIInterfaceOrientationPortrait UIInterfaceOrientationLandscapeLeft UIInterfaceOrientationLandscapeRight";
				LD_RUNPATH_SEARCH_PATHS = (
					"$(inherited)",
					"@executable_path/Frameworks",
				);
				MARKETING_VERSION = 1.0;
				PRODUCT_BUNDLE_IDENTIFIER = "Arielle-Nudelman.ToDoList";
				PRODUCT_NAME = "$(TARGET_NAME)";
				SWIFT_EMIT_LOC_STRINGS = YES;
				SWIFT_VERSION = 5.0;
				TARGETED_DEVICE_FAMILY = "1,2";
			};
			name = Debug;
		};
		AD2D6E3628861127004127D2 /* Release */ = {
			isa = XCBuildConfiguration;
			buildSettings = {
				ASSETCATALOG_COMPILER_APPICON_NAME = AppIcon;
				ASSETCATALOG_COMPILER_GLOBAL_ACCENT_COLOR_NAME = AccentColor;
				CODE_SIGN_STYLE = Automatic;
				CURRENT_PROJECT_VERSION = 1;
				GENERATE_INFOPLIST_FILE = YES;
				INFOPLIST_FILE = ToDoList/Info.plist;
				INFOPLIST_KEY_UIApplicationSupportsIndirectInputEvents = YES;
				INFOPLIST_KEY_UILaunchStoryboardName = LaunchScreen;
				INFOPLIST_KEY_UIMainStoryboardFile = Main;
				INFOPLIST_KEY_UISupportedInterfaceOrientations_iPad = "UIInterfaceOrientationPortrait UIInterfaceOrientationPortraitUpsideDown UIInterfaceOrientationLandscapeLeft UIInterfaceOrientationLandscapeRight";
				INFOPLIST_KEY_UISupportedInterfaceOrientations_iPhone = "UIInterfaceOrientationPortrait UIInterfaceOrientationLandscapeLeft UIInterfaceOrientationLandscapeRight";
				LD_RUNPATH_SEARCH_PATHS = (
					"$(inherited)",
					"@executable_path/Frameworks",
				);
				MARKETING_VERSION = 1.0;
				PRODUCT_BUNDLE_IDENTIFIER = "Arielle-Nudelman.ToDoList";
				PRODUCT_NAME = "$(TARGET_NAME)";
				SWIFT_EMIT_LOC_STRINGS = YES;
				SWIFT_VERSION = 5.0;
				TARGETED_DEVICE_FAMILY = "1,2";
			};
			name = Release;
		};
		AD2D6E3828861127004127D2 /* Debug */ = {
			isa = XCBuildConfiguration;
			buildSettings = {
				ALWAYS_EMBED_SWIFT_STANDARD_LIBRARIES = YES;
				BUNDLE_LOADER = "$(TEST_HOST)";
				CODE_SIGN_STYLE = Automatic;
				CURRENT_PROJECT_VERSION = 1;
				GENERATE_INFOPLIST_FILE = YES;
				IPHONEOS_DEPLOYMENT_TARGET = 15.5;
				MARKETING_VERSION = 1.0;
				PRODUCT_BUNDLE_IDENTIFIER = "Arielle-Nudelman.ToDoListTests";
				PRODUCT_NAME = "$(TARGET_NAME)";
				SWIFT_EMIT_LOC_STRINGS = NO;
				SWIFT_VERSION = 5.0;
				TARGETED_DEVICE_FAMILY = "1,2";
				TEST_HOST = "$(BUILT_PRODUCTS_DIR)/ToDoList.app/ToDoList";
			};
			name = Debug;
		};
		AD2D6E3928861127004127D2 /* Release */ = {
			isa = XCBuildConfiguration;
			buildSettings = {
				ALWAYS_EMBED_SWIFT_STANDARD_LIBRARIES = YES;
				BUNDLE_LOADER = "$(TEST_HOST)";
				CODE_SIGN_STYLE = Automatic;
				CURRENT_PROJECT_VERSION = 1;
				GENERATE_INFOPLIST_FILE = YES;
				IPHONEOS_DEPLOYMENT_TARGET = 15.5;
				MARKETING_VERSION = 1.0;
				PRODUCT_BUNDLE_IDENTIFIER = "Arielle-Nudelman.ToDoListTests";
				PRODUCT_NAME = "$(TARGET_NAME)";
				SWIFT_EMIT_LOC_STRINGS = NO;
				SWIFT_VERSION = 5.0;
				TARGETED_DEVICE_FAMILY = "1,2";
				TEST_HOST = "$(BUILT_PRODUCTS_DIR)/ToDoList.app/ToDoList";
			};
			name = Release;
		};
		AD2D6E3B28861127004127D2 /* Debug */ = {
			isa = XCBuildConfiguration;
			buildSettings = {
				ALWAYS_EMBED_SWIFT_STANDARD_LIBRARIES = YES;
				CODE_SIGN_STYLE = Automatic;
				CURRENT_PROJECT_VERSION = 1;
				GENERATE_INFOPLIST_FILE = YES;
				MARKETING_VERSION = 1.0;
				PRODUCT_BUNDLE_IDENTIFIER = "Arielle-Nudelman.ToDoListUITests";
				PRODUCT_NAME = "$(TARGET_NAME)";
				SWIFT_EMIT_LOC_STRINGS = NO;
				SWIFT_VERSION = 5.0;
				TARGETED_DEVICE_FAMILY = "1,2";
				TEST_TARGET_NAME = ToDoList;
			};
			name = Debug;
		};
		AD2D6E3C28861127004127D2 /* Release */ = {
			isa = XCBuildConfiguration;
			buildSettings = {
				ALWAYS_EMBED_SWIFT_STANDARD_LIBRARIES = YES;
				CODE_SIGN_STYLE = Automatic;
				CURRENT_PROJECT_VERSION = 1;
				GENERATE_INFOPLIST_FILE = YES;
				MARKETING_VERSION = 1.0;
				PRODUCT_BUNDLE_IDENTIFIER = "Arielle-Nudelman.ToDoListUITests";
				PRODUCT_NAME = "$(TARGET_NAME)";
				SWIFT_EMIT_LOC_STRINGS = NO;
				SWIFT_VERSION = 5.0;
				TARGETED_DEVICE_FAMILY = "1,2";
				TEST_TARGET_NAME = ToDoList;
			};
			name = Release;
		};
/* End XCBuildConfiguration section */

/* Begin XCConfigurationList section */
		AD2D6E0228861124004127D2 /* Build configuration list for PBXProject "ToDoList" */ = {
			isa = XCConfigurationList;
			buildConfigurations = (
				AD2D6E3228861127004127D2 /* Debug */,
				AD2D6E3328861127004127D2 /* Release */,
			);
			defaultConfigurationIsVisible = 0;
			defaultConfigurationName = Release;
		};
		AD2D6E3428861127004127D2 /* Build configuration list for PBXNativeTarget "ToDoList" */ = {
			isa = XCConfigurationList;
			buildConfigurations = (
				AD2D6E3528861127004127D2 /* Debug */,
				AD2D6E3628861127004127D2 /* Release */,
			);
			defaultConfigurationIsVisible = 0;
			defaultConfigurationName = Release;
		};
		AD2D6E3728861127004127D2 /* Build configuration list for PBXNativeTarget "ToDoListTests" */ = {
			isa = XCConfigurationList;
			buildConfigurations = (
				AD2D6E3828861127004127D2 /* Debug */,
				AD2D6E3928861127004127D2 /* Release */,
			);
			defaultConfigurationIsVisible = 0;
			defaultConfigurationName = Release;
		};
		AD2D6E3A28861127004127D2 /* Build configuration list for PBXNativeTarget "ToDoListUITests" */ = {
			isa = XCConfigurationList;
			buildConfigurations = (
				AD2D6E3B28861127004127D2 /* Debug */,
				AD2D6E3C28861127004127D2 /* Release */,
			);
			defaultConfigurationIsVisible = 0;
			defaultConfigurationName = Release;
		};
/* End XCConfigurationList section */

/* Begin XCVersionGroup section */
		AD2D6E1328861125004127D2 /* ToDoList.xcdatamodeld */ = {
			isa = XCVersionGroup;
			children = (
				AD2D6E1428861125004127D2 /* ToDoList.xcdatamodel */,
			);
			currentVersion = AD2D6E1428861125004127D2 /* ToDoList.xcdatamodel */;
			path = ToDoList.xcdatamodeld;
			sourceTree = "<group>";
			versionGroupType = wrapper.xcdatamodel;
		};
/* End XCVersionGroup section */
	};
	rootObject = AD2D6DFF28861124004127D2 /* Project object */;
}
